
Microsoft Visual Studio Solution File, Format Version 12.00
# Visual Studio Version 17
VisualStudioVersion = 17.13.35919.96 d17.13
MinimumVisualStudioVersion = 10.0.40219.1
Project("{FAE04EC0-301F-11D3-BF4B-00C04F79EFBC}") = "ConsoleApp4", "ConsoleApp4\ConsoleApp4.csproj", "{76790B55-6EB7-4FDB-AF8A-37464FDDECE2}"
EndProject
Global
	GlobalSection(SolutionConfigurationPlatforms) = preSolution
		Debug|Any CPU = Debug|Any CPU
		Release|Any CPU = Release|Any CPU
	EndGlobalSection
	GlobalSection(ProjectConfigurationPlatforms) = postSolution
		{76790B55-6EB7-4FDB-AF8A-37464FDDECE2}.Debug|Any CPU.ActiveCfg = Debug|Any CPU
		{76790B55-6EB7-4FDB-AF8A-37464FDDECE2}.Debug|Any CPU.Build.0 = Debug|Any CPU
		{76790B55-6EB7-4FDB-AF8A-37464FDDECE2}.Release|Any CPU.ActiveCfg = Release|Any CPU
		{76790B55-6EB7-4FDB-AF8A-37464FDDECE2}.Release|Any CPU.Build.0 = Release|Any CPU
	EndGlobalSection
	GlobalSection(SolutionProperties) = preSolution
		HideSolutionNode = FALSE
	EndGlobalSection
	GlobalSection(ExtensibilityGlobals) = postSolution
		SolutionGuid = {20B26DF6-1D91-4C91-9981-544F0EC3882A}
	EndGlobalSection
EndGlobal
